// !$*UTF8*$!
{
	archiveVersion = 1;
	classes = {
	};
	objectVersion = 48;
	objects = {

/* Begin PBXBuildFile section */
		7789644A204F735000458253 /* AppDelegate.m in Sources */ = {isa = PBXBuildFile; fileRef = 77896449204F735000458253 /* AppDelegate.m */; };
		7789644D204F735000458253 /* ViewController.m in Sources */ = {isa = PBXBuildFile; fileRef = 7789644C204F735000458253 /* ViewController.m */; };
		7789644F204F735000458253 /* Assets.xcassets in Resources */ = {isa = PBXBuildFile; fileRef = 7789644E204F735000458253 /* Assets.xcassets */; };
		77896452204F735000458253 /* Main.storyboard in Resources */ = {isa = PBXBuildFile; fileRef = 77896450204F735000458253 /* Main.storyboard */; };
		77896455204F735000458253 /* main.m in Sources */ = {isa = PBXBuildFile; fileRef = 77896454204F735000458253 /* main.m */; };
		77896463204F73C700458253 /* VVEXFileSearch.m in Sources */ = {isa = PBXBuildFile; fileRef = 77896462204F73C700458253 /* VVEXFileSearch.m */; };
		77F91FE92051346C001C4F18 /* imageContrastTests.m in Sources */ = {isa = PBXBuildFile; fileRef = 77F91FE82051346C001C4F18 /* imageContrastTests.m */; };
/* End PBXBuildFile section */

/* Begin PBXContainerItemProxy section */
		77F91FEB2051346C001C4F18 /* PBXContainerItemProxy */ = {
			isa = PBXContainerItemProxy;
			containerPortal = 7789643D204F735000458253 /* Project object */;
			proxyType = 1;
			remoteGlobalIDString = 77896444204F735000458253;
			remoteInfo = imageContrast;
		};
/* End PBXContainerItemProxy section */

/* Begin PBXFileReference section */
		77896445204F735000458253 /* imageContrast.app */ = {isa = PBXFileReference; explicitFileType = wrapper.application; includeInIndex = 0; path = imageContrast.app; sourceTree = BUILT_PRODUCTS_DIR; };
		77896448204F735000458253 /* AppDelegate.h */ = {isa = PBXFileReference; lastKnownFileType = sourcecode.c.h; path = AppDelegate.h; sourceTree = "<group>"; };
		77896449204F735000458253 /* AppDelegate.m */ = {isa = PBXFileReference; lastKnownFileType = sourcecode.c.objc; path = AppDelegate.m; sourceTree = "<group>"; };
		7789644B204F735000458253 /* ViewController.h */ = {isa = PBXFileReference; lastKnownFileType = sourcecode.c.h; path = ViewController.h; sourceTree = "<group>"; };
		7789644C204F735000458253 /* ViewController.m */ = {isa = PBXFileReference; lastKnownFileType = sourcecode.c.objc; path = ViewController.m; sourceTree = "<group>"; };
		7789644E204F735000458253 /* Assets.xcassets */ = {isa = PBXFileReference; lastKnownFileType = folder.assetcatalog; path = Assets.xcassets; sourceTree = "<group>"; };
		77896451204F735000458253 /* Base */ = {isa = PBXFileReference; lastKnownFileType = file.storyboard; name = Base; path = Base.lproj/Main.storyboard; sourceTree = "<group>"; };
		77896453204F735000458253 /* Info.plist */ = {isa = PBXFileReference; lastKnownFileType = text.plist.xml; path = Info.plist; sourceTree = "<group>"; };
		77896454204F735000458253 /* main.m */ = {isa = PBXFileReference; lastKnownFileType = sourcecode.c.objc; path = main.m; sourceTree = "<group>"; };
		77896456204F735000458253 /* imageContrast.entitlements */ = {isa = PBXFileReference; lastKnownFileType = text.plist.entitlements; path = imageContrast.entitlements; sourceTree = "<group>"; };
		77896461204F73C700458253 /* VVEXFileSearch.h */ = {isa = PBXFileReference; fileEncoding = 4; lastKnownFileType = sourcecode.c.h; path = VVEXFileSearch.h; sourceTree = "<group>"; };
		77896462204F73C700458253 /* VVEXFileSearch.m */ = {isa = PBXFileReference; fileEncoding = 4; lastKnownFileType = sourcecode.c.objc; path = VVEXFileSearch.m; sourceTree = "<group>"; };
		77F91FE62051346C001C4F18 /* imageContrastTests.xctest */ = {isa = PBXFileReference; explicitFileType = wrapper.cfbundle; includeInIndex = 0; path = imageContrastTests.xctest; sourceTree = BUILT_PRODUCTS_DIR; };
		77F91FE82051346C001C4F18 /* imageContrastTests.m */ = {isa = PBXFileReference; lastKnownFileType = sourcecode.c.objc; path = imageContrastTests.m; sourceTree = "<group>"; };
		77F91FEA2051346C001C4F18 /* Info.plist */ = {isa = PBXFileReference; lastKnownFileType = text.plist.xml; path = Info.plist; sourceTree = "<group>"; };
/* End PBXFileReference section */

/* Begin PBXFrameworksBuildPhase section */
		77896442204F735000458253 /* Frameworks */ = {
			isa = PBXFrameworksBuildPhase;
			buildActionMask = 2147483647;
			files = (
			);
			runOnlyForDeploymentPostprocessing = 0;
		};
		77F91FE32051346C001C4F18 /* Frameworks */ = {
			isa = PBXFrameworksBuildPhase;
			buildActionMask = 2147483647;
			files = (
			);
			runOnlyForDeploymentPostprocessing = 0;
		};
/* End PBXFrameworksBuildPhase section */

/* Begin PBXGroup section */
		7789643C204F735000458253 = {
			isa = PBXGroup;
			children = (
				77896447204F735000458253 /* imageContrast */,
				77F91FE72051346C001C4F18 /* imageContrastTests */,
				77896446204F735000458253 /* Products */,
			);
			sourceTree = "<group>";
		};
		77896446204F735000458253 /* Products */ = {
			isa = PBXGroup;
			children = (
				77896445204F735000458253 /* imageContrast.app */,
				77F91FE62051346C001C4F18 /* imageContrastTests.xctest */,
			);
			name = Products;
			sourceTree = "<group>";
		};
		77896447204F735000458253 /* imageContrast */ = {
			isa = PBXGroup;
			children = (
				77896460204F73C700458253 /* Common */,
				77896448204F735000458253 /* AppDelegate.h */,
				77896449204F735000458253 /* AppDelegate.m */,
				7789644B204F735000458253 /* ViewController.h */,
				7789644C204F735000458253 /* ViewController.m */,
				7789644E204F735000458253 /* Assets.xcassets */,
				77896450204F735000458253 /* Main.storyboard */,
				77896453204F735000458253 /* Info.plist */,
				77896454204F735000458253 /* main.m */,
				77896456204F735000458253 /* imageContrast.entitlements */,
			);
			path = imageContrast;
			sourceTree = "<group>";
		};
		77896460204F73C700458253 /* Common */ = {
			isa = PBXGroup;
			children = (
				77896461204F73C700458253 /* VVEXFileSearch.h */,
				77896462204F73C700458253 /* VVEXFileSearch.m */,
			);
			path = Common;
			sourceTree = "<group>";
		};
		77F91FE72051346C001C4F18 /* imageContrastTests */ = {
			isa = PBXGroup;
			children = (
				77F91FE82051346C001C4F18 /* imageContrastTests.m */,
				77F91FEA2051346C001C4F18 /* Info.plist */,
			);
			path = imageContrastTests;
			sourceTree = "<group>";
		};
/* End PBXGroup section */

/* Begin PBXNativeTarget section */
		77896444204F735000458253 /* imageContrast */ = {
			isa = PBXNativeTarget;
			buildConfigurationList = 77896459204F735000458253 /* Build configuration list for PBXNativeTarget "imageContrast" */;
			buildPhases = (
				77896441204F735000458253 /* Sources */,
				77896442204F735000458253 /* Frameworks */,
				77896443204F735000458253 /* Resources */,
			);
			buildRules = (
			);
			dependencies = (
			);
			name = imageContrast;
			productName = imageContrast;
			productReference = 77896445204F735000458253 /* imageContrast.app */;
			productType = "com.apple.product-type.application";
		};
		77F91FE52051346C001C4F18 /* imageContrastTests */ = {
			isa = PBXNativeTarget;
			buildConfigurationList = 77F91FEF2051346C001C4F18 /* Build configuration list for PBXNativeTarget "imageContrastTests" */;
			buildPhases = (
				77F91FE22051346C001C4F18 /* Sources */,
				77F91FE32051346C001C4F18 /* Frameworks */,
				77F91FE42051346C001C4F18 /* Resources */,
			);
			buildRules = (
			);
			dependencies = (
				77F91FEC2051346C001C4F18 /* PBXTargetDependency */,
			);
			name = imageContrastTests;
			productName = imageContrastTests;
			productReference = 77F91FE62051346C001C4F18 /* imageContrastTests.xctest */;
			productType = "com.apple.product-type.bundle.unit-test";
		};
/* End PBXNativeTarget section */

/* Begin PBXProject section */
		7789643D204F735000458253 /* Project object */ = {
			isa = PBXProject;
			attributes = {
				CLASSPREFIX = VVEX;
				LastUpgradeCheck = 0920;
				ORGANIZATIONNAME = vvex;
				TargetAttributes = {
					77896444204F735000458253 = {
						CreatedOnToolsVersion = 9.2;
						ProvisioningStyle = Automatic;
					};
					77F91FE52051346C001C4F18 = {
						CreatedOnToolsVersion = 9.2;
						ProvisioningStyle = Automatic;
						TestTargetID = 77896444204F735000458253;
					};
				};
			};
			buildConfigurationList = 77896440204F735000458253 /* Build configuration list for PBXProject "imageContrast" */;
			compatibilityVersion = "Xcode 8.0";
			developmentRegion = en;
			hasScannedForEncodings = 0;
			knownRegions = (
				en,
				Base,
			);
			mainGroup = 7789643C204F735000458253;
			productRefGroup = 77896446204F735000458253 /* Products */;
			projectDirPath = "";
			projectRoot = "";
			targets = (
				77896444204F735000458253 /* imageContrast */,
				77F91FE52051346C001C4F18 /* imageContrastTests */,
			);
		};
/* End PBXProject section */

/* Begin PBXResourcesBuildPhase section */
		77896443204F735000458253 /* Resources */ = {
			isa = PBXResourcesBuildPhase;
			buildActionMask = 2147483647;
			files = (
				7789644F204F735000458253 /* Assets.xcassets in Resources */,
				77896452204F735000458253 /* Main.storyboard in Resources */,
			);
			runOnlyForDeploymentPostprocessing = 0;
		};
		77F91FE42051346C001C4F18 /* Resources */ = {
			isa = PBXResourcesBuildPhase;
			buildActionMask = 2147483647;
			files = (
			);
			runOnlyForDeploymentPostprocessing = 0;
		};
/* End PBXResourcesBuildPhase section */

/* Begin PBXSourcesBuildPhase section */
		77896441204F735000458253 /* Sources */ = {
			isa = PBXSourcesBuildPhase;
			buildActionMask = 2147483647;
			files = (
				7789644D204F735000458253 /* ViewController.m in Sources */,
				77896463204F73C700458253 /* VVEXFileSearch.m in Sources */,
				77896455204F735000458253 /* main.m in Sources */,
				7789644A204F735000458253 /* AppDelegate.m in Sources */,
			);
			runOnlyForDeploymentPostprocessing = 0;
		};
		77F91FE22051346C001C4F18 /* Sources */ = {
			isa = PBXSourcesBuildPhase;
			buildActionMask = 2147483647;
			files = (
				77F91FE92051346C001C4F18 /* imageContrastTests.m in Sources */,
			);
			runOnlyForDeploymentPostprocessing = 0;
		};
/* End PBXSourcesBuildPhase section */

/* Begin PBXTargetDependency section */
		77F91FEC2051346C001C4F18 /* PBXTargetDependency */ = {
			isa = PBXTargetDependency;
			target = 77896444204F735000458253 /* imageContrast */;
			targetProxy = 77F91FEB2051346C001C4F18 /* PBXContainerItemProxy */;
		};
/* End PBXTargetDependency section */

/* Begin PBXVariantGroup section */
		77896450204F735000458253 /* Main.storyboard */ = {
			isa = PBXVariantGroup;
			children = (
				77896451204F735000458253 /* Base */,
			);
			name = Main.storyboard;
			sourceTree = "<group>";
		};
/* End PBXVariantGroup section */

/* Begin XCBuildConfiguration section */
		77896457204F735000458253 /* Debug */ = {
			isa = XCBuildConfiguration;
			buildSettings = {
				ALWAYS_SEARCH_USER_PATHS = NO;
				CLANG_ANALYZER_NONNULL = YES;
				CLANG_ANALYZER_NUMBER_OBJECT_CONVERSION = YES_AGGRESSIVE;
				CLANG_CXX_LANGUAGE_STANDARD = "gnu++14";
				CLANG_CXX_LIBRARY = "libc++";
				CLANG_ENABLE_MODULES = YES;
				CLANG_ENABLE_OBJC_ARC = YES;
				CLANG_WARN_BLOCK_CAPTURE_AUTORELEASING = YES;
				CLANG_WARN_BOOL_CONVERSION = YES;
				CLANG_WARN_COMMA = YES;
				CLANG_WARN_CONSTANT_CONVERSION = YES;
				CLANG_WARN_DIRECT_OBJC_ISA_USAGE = YES_ERROR;
				CLANG_WARN_DOCUMENTATION_COMMENTS = YES;
				CLANG_WARN_EMPTY_BODY = YES;
				CLANG_WARN_ENUM_CONVERSION = YES;
				CLANG_WARN_INFINITE_RECURSION = YES;
				CLANG_WARN_INT_CONVERSION = YES;
				CLANG_WARN_NON_LITERAL_NULL_CONVERSION = YES;
				CLANG_WARN_OBJC_LITERAL_CONVERSION = YES;
				CLANG_WARN_OBJC_ROOT_CLASS = YES_ERROR;
				CLANG_WARN_RANGE_LOOP_ANALYSIS = YES;
				CLANG_WARN_STRICT_PROTOTYPES = YES;
				CLANG_WARN_SUSPICIOUS_MOVE = YES;
				CLANG_WARN_UNGUARDED_AVAILABILITY = YES_AGGRESSIVE;
				CLANG_WARN_UNREACHABLE_CODE = YES;
				CLANG_WARN__DUPLICATE_METHOD_MATCH = YES;
				CODE_SIGN_IDENTITY = "Mac Developer";
				COPY_PHASE_STRIP = NO;
				DEBUG_INFORMATION_FORMAT = dwarf;
				ENABLE_STRICT_OBJC_MSGSEND = YES;
				ENABLE_TESTABILITY = YES;
				GCC_C_LANGUAGE_STANDARD = gnu11;
				GCC_DYNAMIC_NO_PIC = NO;
				GCC_NO_COMMON_BLOCKS = YES;
				GCC_OPTIMIZATION_LEVEL = 0;
				GCC_PREPROCESSOR_DEFINITIONS = (
					"DEBUG=1",
					"$(inherited)",
				);
				GCC_WARN_64_TO_32_BIT_CONVERSION = YES;
				GCC_WARN_ABOUT_RETURN_TYPE = YES_ERROR;
				GCC_WARN_UNDECLARED_SELECTOR = YES;
				GCC_WARN_UNINITIALIZED_AUTOS = YES_AGGRESSIVE;
				GCC_WARN_UNUSED_FUNCTION = YES;
				GCC_WARN_UNUSED_VARIABLE = YES;
				MACOSX_DEPLOYMENT_TARGET = 10.13;
				MTL_ENABLE_DEBUG_INFO = YES;
				ONLY_ACTIVE_ARCH = YES;
				SDKROOT = macosx;
			};
			name = Debug;
		};
		77896458204F735000458253 /* Release */ = {
			isa = XCBuildConfiguration;
			buildSettings = {
				ALWAYS_SEARCH_USER_PATHS = NO;
				CLANG_ANALYZER_NONNULL = YES;
				CLANG_ANALYZER_NUMBER_OBJECT_CONVERSION = YES_AGGRESSIVE;
				CLANG_CXX_LANGUAGE_STANDARD = "gnu++14";
				CLANG_CXX_LIBRARY = "libc++";
				CLANG_ENABLE_MODULES = YES;
				CLANG_ENABLE_OBJC_ARC = YES;
				CLANG_WARN_BLOCK_CAPTURE_AUTORELEASING = YES;
				CLANG_WARN_BOOL_CONVERSION = YES;
				CLANG_WARN_COMMA = YES;
				CLANG_WARN_CONSTANT_CONVERSION = YES;
				CLANG_WARN_DIRECT_OBJC_ISA_USAGE = YES_ERROR;
				CLANG_WARN_DOCUMENTATION_COMMENTS = YES;
				CLANG_WARN_EMPTY_BODY = YES;
				CLANG_WARN_ENUM_CONVERSION = YES;
				CLANG_WARN_INFINITE_RECURSION = YES;
				CLANG_WARN_INT_CONVERSION = YES;
				CLANG_WARN_NON_LITERAL_NULL_CONVERSION = YES;
				CLANG_WARN_OBJC_LITERAL_CONVERSION = YES;
				CLANG_WARN_OBJC_ROOT_CLASS = YES_ERROR;
				CLANG_WARN_RANGE_LOOP_ANALYSIS = YES;
				CLANG_WARN_STRICT_PROTOTYPES = YES;
				CLANG_WARN_SUSPICIOUS_MOVE = YES;
				CLANG_WARN_UNGUARDED_AVAILABILITY = YES_AGGRESSIVE;
				CLANG_WARN_UNREACHABLE_CODE = YES;
				CLANG_WARN__DUPLICATE_METHOD_MATCH = YES;
				CODE_SIGN_IDENTITY = "Mac Developer";
				COPY_PHASE_STRIP = NO;
				DEBUG_INFORMATION_FORMAT = "dwarf-with-dsym";
				ENABLE_NS_ASSERTIONS = NO;
				ENABLE_STRICT_OBJC_MSGSEND = YES;
				GCC_C_LANGUAGE_STANDARD = gnu11;
				GCC_NO_COMMON_BLOCKS = YES;
				GCC_WARN_64_TO_32_BIT_CONVERSION = YES;
				GCC_WARN_ABOUT_RETURN_TYPE = YES_ERROR;
				GCC_WARN_UNDECLARED_SELECTOR = YES;
				GCC_WARN_UNINITIALIZED_AUTOS = YES_AGGRESSIVE;
				GCC_WARN_UNUSED_FUNCTION = YES;
				GCC_WARN_UNUSED_VARIABLE = YES;
				MACOSX_DEPLOYMENT_TARGET = 10.13;
				MTL_ENABLE_DEBUG_INFO = NO;
				SDKROOT = macosx;
			};
			name = Release;
		};
		7789645A204F735000458253 /* Debug */ = {
			isa = XCBuildConfiguration;
			buildSettings = {
				ASSETCATALOG_COMPILER_APPICON_NAME = AppIcon;
				CODE_SIGN_ENTITLEMENTS = imageContrast/imageContrast.entitlements;
				CODE_SIGN_STYLE = Automatic;
				COMBINE_HIDPI_IMAGES = YES;
				DEVELOPMENT_TEAM = 22K7BEPQEH;
				INFOPLIST_FILE = imageContrast/Info.plist;
				LD_RUNPATH_SEARCH_PATHS = "$(inherited) @executable_path/../Frameworks";
				MACOSX_DEPLOYMENT_TARGET = 10.10;
				PRODUCT_BUNDLE_IDENTIFIER = vvex.zb.com.imageContrast;
				PRODUCT_NAME = "$(TARGET_NAME)";
			};
			name = Debug;
		};
		7789645B204F735000458253 /* Release */ = {
			isa = XCBuildConfiguration;
			buildSettings = {
				ASSETCATALOG_COMPILER_APPICON_NAME = AppIcon;
				CODE_SIGN_ENTITLEMENTS = imageContrast/imageContrast.entitlements;
				CODE_SIGN_STYLE = Automatic;
				COMBINE_HIDPI_IMAGES = YES;
				DEVELOPMENT_TEAM = 22K7BEPQEH;
				INFOPLIST_FILE = imageContrast/Info.plist;
				LD_RUNPATH_SEARCH_PATHS = "$(inherited) @executable_path/../Frameworks";
				MACOSX_DEPLOYMENT_TARGET = 10.10;
				PRODUCT_BUNDLE_IDENTIFIER = vvex.zb.com.imageContrast;
				PRODUCT_NAME = "$(TARGET_NAME)";
			};
			name = Release;
		};
		77F91FED2051346C001C4F18 /* Debug */ = {
			isa = XCBuildConfiguration;
			buildSettings = {
				BUNDLE_LOADER = "$(TEST_HOST)";
				CODE_SIGN_STYLE = Automatic;
				COMBINE_HIDPI_IMAGES = YES;
				DEVELOPMENT_TEAM = 22K7BEPQEH;
				INFOPLIST_FILE = imageContrastTests/Info.plist;
				LD_RUNPATH_SEARCH_PATHS = "$(inherited) @executable_path/../Frameworks @loader_path/../Frameworks";
				PRODUCT_BUNDLE_IDENTIFIER = vvex.zb.com.imageContrastTests;
				PRODUCT_NAME = "$(TARGET_NAME)";
				TEST_HOST = "$(BUILT_PRODUCTS_DIR)/imageContrast.app/Contents/MacOS/imageContrast";
			};
			name = Debug;
		};
		77F91FEE2051346C001C4F18 /* Release */ = {
			isa = XCBuildConfiguration;
			buildSettings = {
				BUNDLE_LOADER = "$(TEST_HOST)";
				CODE_SIGN_STYLE = Automatic;
				COMBINE_HIDPI_IMAGES = YES;
				DEVELOPMENT_TEAM = 22K7BEPQEH;
				INFOPLIST_FILE = imageContrastTests/Info.plist;
				LD_RUNPATH_SEARCH_PATHS = "$(inherited) @executable_path/../Frameworks @loader_path/../Frameworks";
				PRODUCT_BUNDLE_IDENTIFIER = vvex.zb.com.imageContrastTests;
				PRODUCT_NAME = "$(TARGET_NAME)";
				TEST_HOST = "$(BUILT_PRODUCTS_DIR)/imageContrast.app/Contents/MacOS/imageContrast";
			};
			name = Release;
		};
/* End XCBuildConfiguration section */

/* Begin XCConfigurationList section */
		77896440204F735000458253 /* Build configuration list for PBXProject "imageContrast" */ = {
			isa = XCConfigurationList;
			buildConfigurations = (
				77896457204F735000458253 /* Debug */,
				77896458204F735000458253 /* Release */,
			);
			defaultConfigurationIsVisible = 0;
			defaultConfigurationName = Release;
		};
		77896459204F735000458253 /* Build configuration list for PBXNativeTarget "imageContrast" */ = {
			isa = XCConfigurationList;
			buildConfigurations = (
				7789645A204F735000458253 /* Debug */,
				7789645B204F735000458253 /* Release */,
			);
			defaultConfigurationIsVisible = 0;
			defaultConfigurationName = Release;
		};
		77F91FEF2051346C001C4F18 /* Build configuration list for PBXNativeTarget "imageContrastTests" */ = {
			isa = XCConfigurationList;
			buildConfigurations = (
				77F91FED2051346C001C4F18 /* Debug */,
				77F91FEE2051346C001C4F18 /* Release */,
			);
			defaultConfigurationIsVisible = 0;
			defaultConfigurationName = Release;
		};
/* End XCConfigurationList section */
	};
	rootObject = 7789643D204F735000458253 /* Project object */;
}
